<?xml version="1.0" encoding="utf-8"?>
<Project ToolsVersion="4.0" xmlns="http://schemas.microsoft.com/developer/msbuild/2003">
  <ItemGroup>
    <Filter Include="Framework">
      <UniqueIdentifier>{8919de5f-9398-4214-be10-d3ff3ace7379}</UniqueIdentifier>
    </Filter>
    <Filter Include="Framework\Map Reader">
      <UniqueIdentifier>{40375c74-61da-4965-a87e-62a493630e47}</UniqueIdentifier>
    </Filter>
    <Filter Include="Game Objects">
      <UniqueIdentifier>{6c78f8ba-30c2-4c38-b19a-b708d7868825}</UniqueIdentifier>
    </Filter>
    <Filter Include="Game Objects\Bricks">
      <UniqueIdentifier>{9888b0da-b1ad-4875-8c34-f24ceb70c98a}</UniqueIdentifier>
    </Filter>
    <Filter Include="Game Objects\Item">
      <UniqueIdentifier>{85d9fa4a-bdf3-4d73-b954-0ebdd4beb025}</UniqueIdentifier>
    </Filter>
    <Filter Include="Scenes">
      <UniqueIdentifier>{75de916b-b23b-4698-a33e-04d9b50211af}</UniqueIdentifier>
    </Filter>
    <Filter Include="Astar">
      <UniqueIdentifier>{1cf9c8ce-cf70-4471-b829-4690001d636a}</UniqueIdentifier>
    </Filter>
  </ItemGroup>
  <ItemGroup>
    <ClInclude Include="MapReader\tinyxml2.h">
      <Filter>Framework\Map Reader</Filter>
    </ClInclude>
    <ClInclude Include="MapReader\TmxEllipse.h">
      <Filter>Framework\Map Reader</Filter>
    </ClInclude>
    <ClInclude Include="MapReader\TmxImage.h">
      <Filter>Framework\Map Reader</Filter>
    </ClInclude>
    <ClInclude Include="MapReader\TmxImageLayer.h">
      <Filter>Framework\Map Reader</Filter>
    </ClInclude>
    <ClInclude Include="MapReader\TmxLayer.h">
      <Filter>Framework\Map Reader</Filter>
    </ClInclude>
    <ClInclude Include="MapReader\TmxMap.h">
      <Filter>Framework\Map Reader</Filter>
    </ClInclude>
    <ClInclude Include="MapReader\TmxMapTile.h">
      <Filter>Framework\Map Reader</Filter>
    </ClInclude>
    <ClInclude Include="MapReader\TmxObject.h">
      <Filter>Framework\Map Reader</Filter>
    </ClInclude>
    <ClInclude Include="MapReader\TmxObjectGroup.h">
      <Filter>Framework\Map Reader</Filter>
    </ClInclude>
    <ClInclude Include="MapReader\TmxPoint.h">
      <Filter>Framework\Map Reader</Filter>
    </ClInclude>
    <ClInclude Include="MapReader\TmxPolygon.h">
      <Filter>Framework\Map Reader</Filter>
    </ClInclude>
    <ClInclude Include="MapReader\TmxPolyline.h">
      <Filter>Framework\Map Reader</Filter>
    </ClInclude>
    <ClInclude Include="MapReader\TmxPropertySet.h">
      <Filter>Framework\Map Reader</Filter>
    </ClInclude>
    <ClInclude Include="MapReader\TmxTerrain.h">
      <Filter>Framework\Map Reader</Filter>
    </ClInclude>
    <ClInclude Include="MapReader\TmxTerrainArray.h">
      <Filter>Framework\Map Reader</Filter>
    </ClInclude>
    <ClInclude Include="MapReader\TmxTile.h">
      <Filter>Framework\Map Reader</Filter>
    </ClInclude>
    <ClInclude Include="MapReader\TmxTileLayer.h">
      <Filter>Framework\Map Reader</Filter>
    </ClInclude>
    <ClInclude Include="MapReader\TmxTileOffset.h">
      <Filter>Framework\Map Reader</Filter>
    </ClInclude>
    <ClInclude Include="MapReader\TmxTileset.h">
      <Filter>Framework\Map Reader</Filter>
    </ClInclude>
    <ClInclude Include="MapReader\TmxUtil.h">
      <Filter>Framework\Map Reader</Filter>
    </ClInclude>
    <ClInclude Include="MapReader\zconf.h">
      <Filter>Framework\Map Reader</Filter>
    </ClInclude>
    <ClInclude Include="MapReader\zlib.h">
      <Filter>Framework\Map Reader</Filter>
    </ClInclude>
    <ClInclude Include="MapReader\base64.h">
      <Filter>Framework\Map Reader</Filter>
    </ClInclude>
    <ClInclude Include="Boundary.h">
      <Filter>Game Objects\Bricks</Filter>
    </ClInclude>
    <ClInclude Include="BrickNormal.h">
      <Filter>Game Objects\Bricks</Filter>
    </ClInclude>
    <ClInclude Include="MetalBrick.h">
      <Filter>Game Objects\Bricks</Filter>
    </ClInclude>
    <ClInclude Include="Water.h">
      <Filter>Game Objects\Bricks</Filter>
    </ClInclude>
    <ClInclude Include="NPC.h">
      <Filter>Game Objects</Filter>
    </ClInclude>
    <ClInclude Include="Pointed.h">
      <Filter>Game Objects</Filter>
    </ClInclude>
    <ClInclude Include="Player.h">
      <Filter>Game Objects</Filter>
    </ClInclude>
    <ClInclude Include="Bullet.h">
      <Filter>Game Objects</Filter>
    </ClInclude>
    <ClInclude Include="Item.h">
      <Filter>Game Objects\Item</Filter>
    </ClInclude>
    <ClInclude Include="UpgradeItem.h">
      <Filter>Game Objects\Item</Filter>
    </ClInclude>
    <ClInclude Include="Explosion.h">
      <Filter>Game Objects</Filter>
    </ClInclude>
    <ClInclude Include="Brick.h">
      <Filter>Game Objects\Bricks</Filter>
    </ClInclude>
    <ClInclude Include="ProtectItem.h">
      <Filter>Game Objects\Item</Filter>
    </ClInclude>
    <ClInclude Include="Eagle.h">
      <Filter>Game Objects</Filter>
    </ClInclude>
    <ClInclude Include="Scene.h">
      <Filter>Scenes</Filter>
    </ClInclude>
    <ClInclude Include="Animation.h">
      <Filter>Framework</Filter>
    </ClInclude>
    <ClInclude Include="Sprite.h">
      <Filter>Framework</Filter>
    </ClInclude>
    <ClInclude Include="SpriteList.h">
      <Filter>Framework</Filter>
    </ClInclude>
    <ClInclude Include="GameCollision.h">
      <Filter>Framework</Filter>
    </ClInclude>
    <ClInclude Include="GameDebugDraw.h">
      <Filter>Framework</Filter>
    </ClInclude>
    <ClInclude Include="GameGlobal.h">
      <Filter>Framework</Filter>
    </ClInclude>
    <ClInclude Include="GameLog.h">
      <Filter>Framework</Filter>
    </ClInclude>
    <ClInclude Include="GameTime.h">
      <Filter>Framework</Filter>
    </ClInclude>
    <ClInclude Include="Game.h">
      <Filter>Framework</Filter>
    </ClInclude>
    <ClInclude Include="QuadTree.h">
      <Filter>Framework</Filter>
    </ClInclude>
    <ClInclude Include="SceneManager.h">
      <Filter>Framework</Filter>
    </ClInclude>
    <ClInclude Include="Label.h">
      <Filter>Game Objects</Filter>
    </ClInclude>
    <ClInclude Include="GameDefine.h" />
    <ClInclude Include="GameMap.h">
      <Filter>Scenes</Filter>
    </ClInclude>
    <ClInclude Include="BattleScene.h">
      <Filter>Scenes</Filter>
    </ClInclude>
    <ClInclude Include="Entity.h">
      <Filter>Framework</Filter>
    </ClInclude>
    <ClInclude Include="GridScene.h">
      <Filter>Scenes</Filter>
    </ClInclude>
    <ClInclude Include="FibonacciHeap.h">
      <Filter>Astar</Filter>
    </ClInclude>
    <ClInclude Include="AStar.h">
      <Filter>Astar</Filter>
    </ClInclude>
    <ClInclude Include="GraphNode.h">
      <Filter>Astar</Filter>
    </ClInclude>
    <ClInclude Include="GridTile.h">
      <Filter>Astar</Filter>
    </ClInclude>
  </ItemGroup>
  <ItemGroup>
    <None Include="MapReader\Tmx.h.in">
      <Filter>Framework\Map Reader</Filter>
    </None>
  </ItemGroup>
  <ItemGroup>
    <ClCompile Include="MapReader\TmxEllipse.cpp">
      <Filter>Framework\Map Reader</Filter>
    </ClCompile>
    <ClCompile Include="MapReader\TmxImage.cpp">
      <Filter>Framework\Map Reader</Filter>
    </ClCompile>
    <ClCompile Include="MapReader\TmxImageLayer.cpp">
      <Filter>Framework\Map Reader</Filter>
    </ClCompile>
    <ClCompile Include="MapReader\TmxLayer.cpp">
      <Filter>Framework\Map Reader</Filter>
    </ClCompile>
    <ClCompile Include="MapReader\TmxMap.cpp">
      <Filter>Framework\Map Reader</Filter>
    </ClCompile>
    <ClCompile Include="MapReader\TmxObject.cpp">
      <Filter>Framework\Map Reader</Filter>
    </ClCompile>
    <ClCompile Include="MapReader\TmxObjectGroup.cpp">
      <Filter>Framework\Map Reader</Filter>
    </ClCompile>
    <ClCompile Include="MapReader\TmxPolygon.cpp">
      <Filter>Framework\Map Reader</Filter>
    </ClCompile>
    <ClCompile Include="MapReader\TmxPolyline.cpp">
      <Filter>Framework\Map Reader</Filter>
    </ClCompile>
    <ClCompile Include="MapReader\TmxPropertySet.cpp">
      <Filter>Framework\Map Reader</Filter>
    </ClCompile>
    <ClCompile Include="MapReader\TmxTerrain.cpp">
      <Filter>Framework\Map Reader</Filter>
    </ClCompile>
    <ClCompile Include="MapReader\TmxTerrainArray.cpp">
      <Filter>Framework\Map Reader</Filter>
    </ClCompile>
    <ClCompile Include="MapReader\TmxTile.cpp">
      <Filter>Framework\Map Reader</Filter>
    </ClCompile>
    <ClCompile Include="MapReader\TmxTileLayer.cpp">
      <Filter>Framework\Map Reader</Filter>
    </ClCompile>
    <ClCompile Include="MapReader\TmxTileOffset.cpp">
      <Filter>Framework\Map Reader</Filter>
    </ClCompile>
    <ClCompile Include="MapReader\TmxTileset.cpp">
      <Filter>Framework\Map Reader</Filter>
    </ClCompile>
    <ClCompile Include="MapReader\TmxUtil.cpp">
      <Filter>Framework\Map Reader</Filter>
    </ClCompile>
    <ClCompile Include="MapReader\base64.cpp">
      <Filter>Framework\Map Reader</Filter>
    </ClCompile>
    <ClCompile Include="MapReader\miniz.c">
      <Filter>Framework\Map Reader</Filter>
    </ClCompile>
    <ClCompile Include="MapReader\tinyxml2.cpp">
      <Filter>Framework\Map Reader</Filter>
    </ClCompile>
    <ClCompile Include="NPC.cpp">
      <Filter>Game Objects</Filter>
    </ClCompile>
    <ClCompile Include="Player.cpp">
      <Filter>Game Objects</Filter>
    </ClCompile>
    <ClCompile Include="Main.cpp" />
    <ClCompile Include="Animation.cpp">
      <Filter>Framework</Filter>
    </ClCompile>
    <ClCompile Include="Sprite.cpp">
      <Filter>Framework</Filter>
    </ClCompile>
    <ClCompile Include="SpriteList.cpp">
      <Filter>Framework</Filter>
    </ClCompile>
    <ClCompile Include="GameCollision.cpp">
      <Filter>Framework</Filter>
    </ClCompile>
    <ClCompile Include="GameDebugDraw.cpp">
      <Filter>Framework</Filter>
    </ClCompile>
    <ClCompile Include="GameGlobal.cpp">
      <Filter>Framework</Filter>
    </ClCompile>
    <ClCompile Include="GameLog.cpp">
      <Filter>Framework</Filter>
    </ClCompile>
    <ClCompile Include="GameTime.cpp">
      <Filter>Framework</Filter>
    </ClCompile>
    <ClCompile Include="Game.cpp">
      <Filter>Framework</Filter>
    </ClCompile>
    <ClCompile Include="QuadTree.cpp">
      <Filter>Framework</Filter>
    </ClCompile>
    <ClCompile Include="SceneManager.cpp">
      <Filter>Framework</Filter>
    </ClCompile>
    <ClCompile Include="Label.cpp">
      <Filter>Game Objects</Filter>
    </ClCompile>
    <ClCompile Include="GameMap.cpp">
      <Filter>Scenes</Filter>
    </ClCompile>
    <ClCompile Include="BattleScene.cpp">
      <Filter>Scenes</Filter>
    </ClCompile>
    <ClCompile Include="Entity.cpp">
      <Filter>Framework</Filter>
    </ClCompile>
    <ClCompile Include="GridScene.cpp">
      <Filter>Scenes</Filter>
    </ClCompile>
    <ClCompile Include="GridTile.cpp">
      <Filter>Astar</Filter>
    </ClCompile>
    <ClCompile Include="GraphNode.cpp">
      <Filter>Astar</Filter>
    </ClCompile>
  </ItemGroup>
</Project>